
Microsoft Visual Studio Solution File, Format Version 12.00
# Visual Studio 15
VisualStudioVersion = 15.0.28307.421
MinimumVisualStudioVersion = 10.0.40219.1
Project("{9A19103F-16F7-4668-BE54-9A1E7A4F7556}") = "EfDemo.Persistence", "EfDemo.Persistence\EfDemo.Persistence.csproj", "{A2D4F2FA-31E9-4B2D-9875-502AC3DAFEAC}"
EndProject
Project("{9A19103F-16F7-4668-BE54-9A1E7A4F7556}") = "EfDemo.Persistence.Test", "EfDemo.Persistence.Test\EfDemo.Persistence.Test.csproj", "{4CE7FD3D-804A-43B6-9651-F17E4BFC10F6}"
EndProject
Project("{9A19103F-16F7-4668-BE54-9A1E7A4F7556}") = "EfDemo.Core", "EfDemo.Core\EfDemo.Core.csproj", "{8332F871-7962-41F6-AA84-C83095568978}"
EndProject
Project("{9A19103F-16F7-4668-BE54-9A1E7A4F7556}") = "EfDemo.UI", "EfDemo.UI\EfDemo.UI.csproj", "{A842A407-F28C-4D37-9DBD-18D47E8590AA}"
EndProject
Global
	GlobalSection(SolutionConfigurationPlatforms) = preSolution
		Debug|Any CPU = Debug|Any CPU
		Release|Any CPU = Release|Any CPU
	EndGlobalSection
	GlobalSection(ProjectConfigurationPlatforms) = postSolution
		{A2D4F2FA-31E9-4B2D-9875-502AC3DAFEAC}.Debug|Any CPU.ActiveCfg = Debug|Any CPU
		{A2D4F2FA-31E9-4B2D-9875-502AC3DAFEAC}.Debug|Any CPU.Build.0 = Debug|Any CPU
		{A2D4F2FA-31E9-4B2D-9875-502AC3DAFEAC}.Release|Any CPU.ActiveCfg = Release|Any CPU
		{A2D4F2FA-31E9-4B2D-9875-502AC3DAFEAC}.Release|Any CPU.Build.0 = Release|Any CPU
		{4CE7FD3D-804A-43B6-9651-F17E4BFC10F6}.Debug|Any CPU.ActiveCfg = Debug|Any CPU
		{4CE7FD3D-804A-43B6-9651-F17E4BFC10F6}.Debug|Any CPU.Build.0 = Debug|Any CPU
		{4CE7FD3D-804A-43B6-9651-F17E4BFC10F6}.Release|Any CPU.ActiveCfg = Release|Any CPU
		{4CE7FD3D-804A-43B6-9651-F17E4BFC10F6}.Release|Any CPU.Build.0 = Release|Any CPU
		{8332F871-7962-41F6-AA84-C83095568978}.Debug|Any CPU.ActiveCfg = Debug|Any CPU
		{8332F871-7962-41F6-AA84-C83095568978}.Debug|Any CPU.Build.0 = Debug|Any CPU
		{8332F871-7962-41F6-AA84-C83095568978}.Release|Any CPU.ActiveCfg = Release|Any CPU
		{8332F871-7962-41F6-AA84-C83095568978}.Release|Any CPU.Build.0 = Release|Any CPU
		{A842A407-F28C-4D37-9DBD-18D47E8590AA}.Debug|Any CPU.ActiveCfg = Debug|Any CPU
		{A842A407-F28C-4D37-9DBD-18D47E8590AA}.Debug|Any CPU.Build.0 = Debug|Any CPU
		{A842A407-F28C-4D37-9DBD-18D47E8590AA}.Release|Any CPU.ActiveCfg = Release|Any CPU
		{A842A407-F28C-4D37-9DBD-18D47E8590AA}.Release|Any CPU.Build.0 = Release|Any CPU
	EndGlobalSection
	GlobalSection(SolutionProperties) = preSolution
		HideSolutionNode = FALSE
	EndGlobalSection
	GlobalSection(ExtensibilityGlobals) = postSolution
		SolutionGuid = {7FF0285F-6013-429E-919E-C682708AB4BA}
	EndGlobalSection
EndGlobal
